
Microsoft Visual Studio Solution File, Format Version 12.00
# Visual Studio Version 16
VisualStudioVersion = 16.0.29411.108
MinimumVisualStudioVersion = 10.0.40219.1
Project("{2150E333-8FDC-42A3-9474-1A3956D46DE8}") = "Server", "Server", "{724592D0-DE8B-4664-98D9-2278F924F78D}"
EndProject
Project("{2150E333-8FDC-42A3-9474-1A3956D46DE8}") = "Client", "Client", "{E3CC9F4E-FAD6-4ED9-BF2A-2E9F3987A334}"
EndProject
Project("{9A19103F-16F7-4668-BE54-9A1E7A4F7556}") = "Server.BLL", "Server.BLL\Server.BLL.csproj", "{EF767AC1-0CD1-43A6-974B-5EF5756807CA}"
EndProject
Project("{9A19103F-16F7-4668-BE54-9A1E7A4F7556}") = "Server.Application", "Server.Application\Server.Application.csproj", "{23B599E1-36B4-45AB-B891-71AC35B3EA71}"
EndProject
Project("{9A19103F-16F7-4668-BE54-9A1E7A4F7556}") = "Server.ServerUI", "Server.ServerUI\Server.ServerUI.csproj", "{2626A3C9-6944-4C7D-932A-6EED261A56F0}"
EndProject
Project("{9A19103F-16F7-4668-BE54-9A1E7A4F7556}") = "Client.Application", "Client.Application\Client.Application.csproj", "{B23EF169-52D5-4C0A-AB54-8E9FE01F28DA}"
EndProject
Project("{9A19103F-16F7-4668-BE54-9A1E7A4F7556}") = "Client.BLL", "Client.BLL\Client.BLL.csproj", "{21D52DDA-0232-46E4-A6B0-685A3F6B3E69}"
EndProject
Project("{FAE04EC0-301F-11D3-BF4B-00C04F79EFBC}") = "Common", "Common\Common.csproj", "{A4C31FD9-5162-40AC-9292-741D577861B8}"
EndProject
Global
	GlobalSection(SolutionConfigurationPlatforms) = preSolution
		Debug|Any CPU = Debug|Any CPU
		Release|Any CPU = Release|Any CPU
	EndGlobalSection
	GlobalSection(ProjectConfigurationPlatforms) = postSolution
		{EF767AC1-0CD1-43A6-974B-5EF5756807CA}.Debug|Any CPU.ActiveCfg = Debug|Any CPU
		{EF767AC1-0CD1-43A6-974B-5EF5756807CA}.Debug|Any CPU.Build.0 = Debug|Any CPU
		{EF767AC1-0CD1-43A6-974B-5EF5756807CA}.Release|Any CPU.ActiveCfg = Release|Any CPU
		{EF767AC1-0CD1-43A6-974B-5EF5756807CA}.Release|Any CPU.Build.0 = Release|Any CPU
		{23B599E1-36B4-45AB-B891-71AC35B3EA71}.Debug|Any CPU.ActiveCfg = Debug|Any CPU
		{23B599E1-36B4-45AB-B891-71AC35B3EA71}.Debug|Any CPU.Build.0 = Debug|Any CPU
		{23B599E1-36B4-45AB-B891-71AC35B3EA71}.Release|Any CPU.ActiveCfg = Release|Any CPU
		{23B599E1-36B4-45AB-B891-71AC35B3EA71}.Release|Any CPU.Build.0 = Release|Any CPU
		{2626A3C9-6944-4C7D-932A-6EED261A56F0}.Debug|Any CPU.ActiveCfg = Debug|Any CPU
		{2626A3C9-6944-4C7D-932A-6EED261A56F0}.Debug|Any CPU.Build.0 = Debug|Any CPU
		{2626A3C9-6944-4C7D-932A-6EED261A56F0}.Release|Any CPU.ActiveCfg = Release|Any CPU
		{2626A3C9-6944-4C7D-932A-6EED261A56F0}.Release|Any CPU.Build.0 = Release|Any CPU
		{B23EF169-52D5-4C0A-AB54-8E9FE01F28DA}.Debug|Any CPU.ActiveCfg = Debug|Any CPU
		{B23EF169-52D5-4C0A-AB54-8E9FE01F28DA}.Debug|Any CPU.Build.0 = Debug|Any CPU
		{B23EF169-52D5-4C0A-AB54-8E9FE01F28DA}.Release|Any CPU.ActiveCfg = Release|Any CPU
		{B23EF169-52D5-4C0A-AB54-8E9FE01F28DA}.Release|Any CPU.Build.0 = Release|Any CPU
		{21D52DDA-0232-46E4-A6B0-685A3F6B3E69}.Debug|Any CPU.ActiveCfg = Debug|Any CPU
		{21D52DDA-0232-46E4-A6B0-685A3F6B3E69}.Debug|Any CPU.Build.0 = Debug|Any CPU
		{21D52DDA-0232-46E4-A6B0-685A3F6B3E69}.Release|Any CPU.ActiveCfg = Release|Any CPU
		{21D52DDA-0232-46E4-A6B0-685A3F6B3E69}.Release|Any CPU.Build.0 = Release|Any CPU
		{A4C31FD9-5162-40AC-9292-741D577861B8}.Debug|Any CPU.ActiveCfg = Debug|Any CPU
		{A4C31FD9-5162-40AC-9292-741D577861B8}.Debug|Any CPU.Build.0 = Debug|Any CPU
		{A4C31FD9-5162-40AC-9292-741D577861B8}.Release|Any CPU.ActiveCfg = Release|Any CPU
		{A4C31FD9-5162-40AC-9292-741D577861B8}.Release|Any CPU.Build.0 = Release|Any CPU
	EndGlobalSection
	GlobalSection(SolutionProperties) = preSolution
		HideSolutionNode = FALSE
	EndGlobalSection
	GlobalSection(NestedProjects) = preSolution
		{EF767AC1-0CD1-43A6-974B-5EF5756807CA} = {724592D0-DE8B-4664-98D9-2278F924F78D}
		{23B599E1-36B4-45AB-B891-71AC35B3EA71} = {724592D0-DE8B-4664-98D9-2278F924F78D}
		{2626A3C9-6944-4C7D-932A-6EED261A56F0} = {724592D0-DE8B-4664-98D9-2278F924F78D}
		{B23EF169-52D5-4C0A-AB54-8E9FE01F28DA} = {E3CC9F4E-FAD6-4ED9-BF2A-2E9F3987A334}
		{21D52DDA-0232-46E4-A6B0-685A3F6B3E69} = {E3CC9F4E-FAD6-4ED9-BF2A-2E9F3987A334}
	EndGlobalSection
	GlobalSection(ExtensibilityGlobals) = postSolution
		SolutionGuid = {350DF38F-2F77-40A3-BF2B-DA01CF30476B}
	EndGlobalSection
EndGlobal
